
Microsoft Visual Studio Solution File, Format Version 12.00
# Visual Studio Version 16
VisualStudioVersion = 16.0.33423.256
MinimumVisualStudioVersion = 10.0.40219.1
Project("{FAE04EC0-301F-11D3-BF4B-00C04F79EFBC}") = "ParsingEnums", "ParsingEnums.csproj", "{81AA5EC5-E693-41CD-8DAC-DFD75B680F7E}"
EndProject
Global
	GlobalSection(SolutionConfigurationPlatforms) = preSolution
		Debug|Any CPU = Debug|Any CPU
		Release|Any CPU = Release|Any CPU
	EndGlobalSection
	GlobalSection(ProjectConfigurationPlatforms) = postSolution
		{81AA5EC5-E693-41CD-8DAC-DFD75B680F7E}.Debug|Any CPU.ActiveCfg = Debug|Any CPU
		{81AA5EC5-E693-41CD-8DAC-DFD75B680F7E}.Debug|Any CPU.Build.0 = Debug|Any CPU
		{81AA5EC5-E693-41CD-8DAC-DFD75B680F7E}.Release|Any CPU.ActiveCfg = Release|Any CPU
		{81AA5EC5-E693-41CD-8DAC-DFD75B680F7E}.Release|Any CPU.Build.0 = Release|Any CPU
	EndGlobalSection
	GlobalSection(SolutionProperties) = preSolution
		HideSolutionNode = FALSE
	EndGlobalSection
	GlobalSection(ExtensibilityGlobals) = postSolution
		SolutionGuid = {A5C41B90-7D4A-4ACE-BEEB-8C0A72F72CF8}
	EndGlobalSection
EndGlobal
