
Microsoft Visual Studio Solution File, Format Version 12.00
# Visual Studio Version 16
VisualStudioVersion = 16.0.33423.256
MinimumVisualStudioVersion = 10.0.40219.1
Project("{FAE04EC0-301F-11D3-BF4B-00C04F79EFBC}") = "TechAcademyDR", "TechAcademyDR\TechAcademyDR.csproj", "{7ECDC277-1A2C-45DF-8A75-D5CF39AFF8B2}"
EndProject
Global
	GlobalSection(SolutionConfigurationPlatforms) = preSolution
		Debug|Any CPU = Debug|Any CPU
		Release|Any CPU = Release|Any CPU
	EndGlobalSection
	GlobalSection(ProjectConfigurationPlatforms) = postSolution
		{7ECDC277-1A2C-45DF-8A75-D5CF39AFF8B2}.Debug|Any CPU.ActiveCfg = Debug|Any CPU
		{7ECDC277-1A2C-45DF-8A75-D5CF39AFF8B2}.Debug|Any CPU.Build.0 = Debug|Any CPU
		{7ECDC277-1A2C-45DF-8A75-D5CF39AFF8B2}.Release|Any CPU.ActiveCfg = Release|Any CPU
		{7ECDC277-1A2C-45DF-8A75-D5CF39AFF8B2}.Release|Any CPU.Build.0 = Release|Any CPU
	EndGlobalSection
	GlobalSection(SolutionProperties) = preSolution
		HideSolutionNode = FALSE
	EndGlobalSection
	GlobalSection(ExtensibilityGlobals) = postSolution
		SolutionGuid = {7407BDFE-E6D1-4220-B514-B8D2ACD3E8C3}
	EndGlobalSection
EndGlobal
