
Microsoft Visual Studio Solution File, Format Version 12.00
# Visual Studio Version 16
VisualStudioVersion = 16.0.33423.256
MinimumVisualStudioVersion = 10.0.40219.1
Project("{FAE04EC0-301F-11D3-BF4B-00C04F79EFBC}") = "ArraysandListsApplication", "ArraysandListsApplication.csproj", "{637C1AB0-2DC5-42CA-8632-A1B087082593}"
EndProject
Global
	GlobalSection(SolutionConfigurationPlatforms) = preSolution
		Debug|Any CPU = Debug|Any CPU
		Release|Any CPU = Release|Any CPU
	EndGlobalSection
	GlobalSection(ProjectConfigurationPlatforms) = postSolution
		{637C1AB0-2DC5-42CA-8632-A1B087082593}.Debug|Any CPU.ActiveCfg = Debug|Any CPU
		{637C1AB0-2DC5-42CA-8632-A1B087082593}.Debug|Any CPU.Build.0 = Debug|Any CPU
		{637C1AB0-2DC5-42CA-8632-A1B087082593}.Release|Any CPU.ActiveCfg = Release|Any CPU
		{637C1AB0-2DC5-42CA-8632-A1B087082593}.Release|Any CPU.Build.0 = Release|Any CPU
	EndGlobalSection
	GlobalSection(SolutionProperties) = preSolution
		HideSolutionNode = FALSE
	EndGlobalSection
	GlobalSection(ExtensibilityGlobals) = postSolution
		SolutionGuid = {AD5FDB40-BAD4-4282-8F18-25938020401F}
	EndGlobalSection
EndGlobal
