
Microsoft Visual Studio Solution File, Format Version 12.00
# Visual Studio Version 16
VisualStudioVersion = 16.0.33423.256
MinimumVisualStudioVersion = 10.0.40219.1
Project("{FAE04EC0-301F-11D3-BF4B-00C04F79EFBC}") = "CallingMethodsAssignment", "CallingMethodsAssignment.csproj", "{57CAF625-9008-4361-AD58-601B23760D69}"
EndProject
Global
	GlobalSection(SolutionConfigurationPlatforms) = preSolution
		Debug|Any CPU = Debug|Any CPU
		Release|Any CPU = Release|Any CPU
	EndGlobalSection
	GlobalSection(ProjectConfigurationPlatforms) = postSolution
		{57CAF625-9008-4361-AD58-601B23760D69}.Debug|Any CPU.ActiveCfg = Debug|Any CPU
		{57CAF625-9008-4361-AD58-601B23760D69}.Debug|Any CPU.Build.0 = Debug|Any CPU
		{57CAF625-9008-4361-AD58-601B23760D69}.Release|Any CPU.ActiveCfg = Release|Any CPU
		{57CAF625-9008-4361-AD58-601B23760D69}.Release|Any CPU.Build.0 = Release|Any CPU
	EndGlobalSection
	GlobalSection(SolutionProperties) = preSolution
		HideSolutionNode = FALSE
	EndGlobalSection
	GlobalSection(ExtensibilityGlobals) = postSolution
		SolutionGuid = {6646F8DE-4CE1-4B21-BF5B-57451EC8A645}
	EndGlobalSection
EndGlobal
