
Microsoft Visual Studio Solution File, Format Version 12.00
# Visual Studio Version 16
VisualStudioVersion = 16.0.33423.256
MinimumVisualStudioVersion = 10.0.40219.1
Project("{FAE04EC0-301F-11D3-BF4B-00C04F79EFBC}") = "TryCatchApplication", "TryCatchApplication.csproj", "{C8C770B1-0EF6-48E6-B3ED-49733DB71E47}"
EndProject
Global
	GlobalSection(SolutionConfigurationPlatforms) = preSolution
		Debug|Any CPU = Debug|Any CPU
		Release|Any CPU = Release|Any CPU
	EndGlobalSection
	GlobalSection(ProjectConfigurationPlatforms) = postSolution
		{C8C770B1-0EF6-48E6-B3ED-49733DB71E47}.Debug|Any CPU.ActiveCfg = Debug|Any CPU
		{C8C770B1-0EF6-48E6-B3ED-49733DB71E47}.Debug|Any CPU.Build.0 = Debug|Any CPU
		{C8C770B1-0EF6-48E6-B3ED-49733DB71E47}.Release|Any CPU.ActiveCfg = Release|Any CPU
		{C8C770B1-0EF6-48E6-B3ED-49733DB71E47}.Release|Any CPU.Build.0 = Release|Any CPU
	EndGlobalSection
	GlobalSection(SolutionProperties) = preSolution
		HideSolutionNode = FALSE
	EndGlobalSection
	GlobalSection(ExtensibilityGlobals) = postSolution
		SolutionGuid = {905E49F2-EB9F-4F21-878B-11AF5E4241D3}
	EndGlobalSection
EndGlobal
